
Microsoft Visual Studio Solution File, Format Version 12.00
# Visual Studio 15
VisualStudioVersion = 15.0.27004.2002
MinimumVisualStudioVersion = 10.0.40219.1
Project("{2150E333-8FDC-42A3-9474-1A3956D46DE8}") = "Fibonacci", "Fibonacci", "{D9333884-379C-4FB7-AB41-7F00DC49E856}"
EndProject
Project("{FAE04EC0-301F-11D3-BF4B-00C04F79EFBC}") = "FibonacciSolution", "..\FibonacciSolution\FibonacciSolution.csproj", "{7A745744-B60D-43E2-9EC6-4365A5352078}"
EndProject
Project("{FAE04EC0-301F-11D3-BF4B-00C04F79EFBC}") = "FibonacciTests", "FibonacciTests\FibonacciTests.csproj", "{CCC7B951-9B52-48B1-B2D4-5354C266908D}"
EndProject
Project("{FAE04EC0-301F-11D3-BF4B-00C04F79EFBC}") = "Core", "ConsoleIO\Core.csproj", "{DE045941-FCB8-4B10-A899-6DDD66019308}"
EndProject
Project("{FAE04EC0-301F-11D3-BF4B-00C04F79EFBC}") = "ConsoleApp", "ConsoleApp\ConsoleApp.csproj", "{9EDC5870-C24B-45E7-8F5F-C2C0E5700A04}"
EndProject
Project("{2150E333-8FDC-42A3-9474-1A3956D46DE8}") = "FizzBuzz", "FizzBuzz", "{5ED41748-49E4-463E-BBAD-BB0CC5139A26}"
EndProject
Project("{FAE04EC0-301F-11D3-BF4B-00C04F79EFBC}") = "FizzBuzzSolution", "FizzBuzzSolution\FizzBuzzSolution.csproj", "{CCEE59A1-8279-4841-8B78-C8F8D709F2B0}"
EndProject
Project("{FAE04EC0-301F-11D3-BF4B-00C04F79EFBC}") = "FizzBuzzTests", "FizzBuzzTest\FizzBuzzTests.csproj", "{B0BC3F6B-EBF6-4B79-964E-66C7D0581915}"
EndProject
Project("{2150E333-8FDC-42A3-9474-1A3956D46DE8}") = "ReverseWords", "ReverseWords", "{602DAD58-1A0B-4FF6-80D8-8095CA8A4EE8}"
EndProject
Project("{FAE04EC0-301F-11D3-BF4B-00C04F79EFBC}") = "ReverseWordsSolution", "ReverseWordsSolution\ReverseWordsSolution.csproj", "{40BFA045-2B70-46F3-852A-047EDDE08FEC}"
EndProject
Project("{FAE04EC0-301F-11D3-BF4B-00C04F79EFBC}") = "ReverseWordsTests", "ReverseWordsTests\ReverseWordsTests.csproj", "{87540210-EB07-4B16-B27F-F8A570B5C2E0}"
EndProject
Project("{2150E333-8FDC-42A3-9474-1A3956D46DE8}") = "RemoveNonNumbers", "RemoveNonNumbers", "{D2DD706A-C6A1-4E1C-9329-62D02BF10768}"
EndProject
Project("{FAE04EC0-301F-11D3-BF4B-00C04F79EFBC}") = "RemoveNonNumbersSolution", "RemoveNonNumbersSolution\RemoveNonNumbersSolution.csproj", "{788E2143-2A9F-4B77-B505-DA690C8312F5}"
EndProject
Project("{FAE04EC0-301F-11D3-BF4B-00C04F79EFBC}") = "RemoveNonNumbersTests", "RemoveNonNumbersTests\RemoveNonNumbersTests.csproj", "{C51730B0-B5F6-4865-B3B1-D000FDD3AD64}"
EndProject
Project("{2150E333-8FDC-42A3-9474-1A3956D46DE8}") = "SimpleCalculator", "SimpleCalculator", "{79CC8139-6439-460E-BF78-995DE6FBDAF6}"
EndProject
Project("{FAE04EC0-301F-11D3-BF4B-00C04F79EFBC}") = "SimpleCalculatorSolution", "SimpleCalculatorSolution\SimpleCalculatorSolution.csproj", "{A838AE8A-6134-4914-835C-A46B76178ADA}"
EndProject
Project("{FAE04EC0-301F-11D3-BF4B-00C04F79EFBC}") = "SimpleCalculatorTests", "SimpleCalculatorTests\SimpleCalculatorTests.csproj", "{6C042484-2076-466D-93C6-98EF4D614CBD}"
EndProject
Project("{2150E333-8FDC-42A3-9474-1A3956D46DE8}") = "TimesTables", "TimesTables", "{62206E12-D295-407B-BAFE-2871F2FEC1A2}"
EndProject
Project("{FAE04EC0-301F-11D3-BF4B-00C04F79EFBC}") = "TimesTablesSolution", "TimesTablesSolution\TimesTablesSolution.csproj", "{BBC541A5-E32F-4797-9B07-77CC00201561}"
EndProject
Project("{FAE04EC0-301F-11D3-BF4B-00C04F79EFBC}") = "TimesTablesTests", "TimesTablesTests\TimesTablesTests.csproj", "{AC6BA3AB-2CCD-454C-ACCE-2CDE93C044F2}"
EndProject
Project("{2150E333-8FDC-42A3-9474-1A3956D46DE8}") = "SmallestBiggest", "SmallestBiggest", "{703763A2-DED7-44E6-BCF2-FC3E2A26AF5F}"
EndProject
Project("{FAE04EC0-301F-11D3-BF4B-00C04F79EFBC}") = "SmallestBiggestSolution", "SmallestBiggestSolution\SmallestBiggestSolution.csproj", "{5CE71192-2538-4FE5-8DA9-FD6F2F9B5083}"
EndProject
Project("{FAE04EC0-301F-11D3-BF4B-00C04F79EFBC}") = "SmallestBiggestTests", "SmallestBiggestTests\SmallestBiggestTests.csproj", "{ACB589DD-BD85-4312-8C1B-1BC77900A2C4}"
EndProject
Global
	GlobalSection(SolutionConfigurationPlatforms) = preSolution
		Debug|Any CPU = Debug|Any CPU
		Release|Any CPU = Release|Any CPU
	EndGlobalSection
	GlobalSection(ProjectConfigurationPlatforms) = postSolution
		{7A745744-B60D-43E2-9EC6-4365A5352078}.Debug|Any CPU.ActiveCfg = Debug|Any CPU
		{7A745744-B60D-43E2-9EC6-4365A5352078}.Debug|Any CPU.Build.0 = Debug|Any CPU
		{7A745744-B60D-43E2-9EC6-4365A5352078}.Release|Any CPU.ActiveCfg = Release|Any CPU
		{7A745744-B60D-43E2-9EC6-4365A5352078}.Release|Any CPU.Build.0 = Release|Any CPU
		{CCC7B951-9B52-48B1-B2D4-5354C266908D}.Debug|Any CPU.ActiveCfg = Debug|Any CPU
		{CCC7B951-9B52-48B1-B2D4-5354C266908D}.Debug|Any CPU.Build.0 = Debug|Any CPU
		{CCC7B951-9B52-48B1-B2D4-5354C266908D}.Release|Any CPU.ActiveCfg = Release|Any CPU
		{CCC7B951-9B52-48B1-B2D4-5354C266908D}.Release|Any CPU.Build.0 = Release|Any CPU
		{DE045941-FCB8-4B10-A899-6DDD66019308}.Debug|Any CPU.ActiveCfg = Debug|Any CPU
		{DE045941-FCB8-4B10-A899-6DDD66019308}.Debug|Any CPU.Build.0 = Debug|Any CPU
		{DE045941-FCB8-4B10-A899-6DDD66019308}.Release|Any CPU.ActiveCfg = Release|Any CPU
		{DE045941-FCB8-4B10-A899-6DDD66019308}.Release|Any CPU.Build.0 = Release|Any CPU
		{9EDC5870-C24B-45E7-8F5F-C2C0E5700A04}.Debug|Any CPU.ActiveCfg = Debug|Any CPU
		{9EDC5870-C24B-45E7-8F5F-C2C0E5700A04}.Debug|Any CPU.Build.0 = Debug|Any CPU
		{9EDC5870-C24B-45E7-8F5F-C2C0E5700A04}.Release|Any CPU.ActiveCfg = Release|Any CPU
		{9EDC5870-C24B-45E7-8F5F-C2C0E5700A04}.Release|Any CPU.Build.0 = Release|Any CPU
		{CCEE59A1-8279-4841-8B78-C8F8D709F2B0}.Debug|Any CPU.ActiveCfg = Debug|Any CPU
		{CCEE59A1-8279-4841-8B78-C8F8D709F2B0}.Debug|Any CPU.Build.0 = Debug|Any CPU
		{CCEE59A1-8279-4841-8B78-C8F8D709F2B0}.Release|Any CPU.ActiveCfg = Release|Any CPU
		{CCEE59A1-8279-4841-8B78-C8F8D709F2B0}.Release|Any CPU.Build.0 = Release|Any CPU
		{B0BC3F6B-EBF6-4B79-964E-66C7D0581915}.Debug|Any CPU.ActiveCfg = Debug|Any CPU
		{B0BC3F6B-EBF6-4B79-964E-66C7D0581915}.Debug|Any CPU.Build.0 = Debug|Any CPU
		{B0BC3F6B-EBF6-4B79-964E-66C7D0581915}.Release|Any CPU.ActiveCfg = Release|Any CPU
		{B0BC3F6B-EBF6-4B79-964E-66C7D0581915}.Release|Any CPU.Build.0 = Release|Any CPU
		{40BFA045-2B70-46F3-852A-047EDDE08FEC}.Debug|Any CPU.ActiveCfg = Debug|Any CPU
		{40BFA045-2B70-46F3-852A-047EDDE08FEC}.Debug|Any CPU.Build.0 = Debug|Any CPU
		{40BFA045-2B70-46F3-852A-047EDDE08FEC}.Release|Any CPU.ActiveCfg = Release|Any CPU
		{40BFA045-2B70-46F3-852A-047EDDE08FEC}.Release|Any CPU.Build.0 = Release|Any CPU
		{87540210-EB07-4B16-B27F-F8A570B5C2E0}.Debug|Any CPU.ActiveCfg = Debug|Any CPU
		{87540210-EB07-4B16-B27F-F8A570B5C2E0}.Debug|Any CPU.Build.0 = Debug|Any CPU
		{87540210-EB07-4B16-B27F-F8A570B5C2E0}.Release|Any CPU.ActiveCfg = Release|Any CPU
		{87540210-EB07-4B16-B27F-F8A570B5C2E0}.Release|Any CPU.Build.0 = Release|Any CPU
		{788E2143-2A9F-4B77-B505-DA690C8312F5}.Debug|Any CPU.ActiveCfg = Debug|Any CPU
		{788E2143-2A9F-4B77-B505-DA690C8312F5}.Debug|Any CPU.Build.0 = Debug|Any CPU
		{788E2143-2A9F-4B77-B505-DA690C8312F5}.Release|Any CPU.ActiveCfg = Release|Any CPU
		{788E2143-2A9F-4B77-B505-DA690C8312F5}.Release|Any CPU.Build.0 = Release|Any CPU
		{C51730B0-B5F6-4865-B3B1-D000FDD3AD64}.Debug|Any CPU.ActiveCfg = Debug|Any CPU
		{C51730B0-B5F6-4865-B3B1-D000FDD3AD64}.Debug|Any CPU.Build.0 = Debug|Any CPU
		{C51730B0-B5F6-4865-B3B1-D000FDD3AD64}.Release|Any CPU.ActiveCfg = Release|Any CPU
		{C51730B0-B5F6-4865-B3B1-D000FDD3AD64}.Release|Any CPU.Build.0 = Release|Any CPU
		{A838AE8A-6134-4914-835C-A46B76178ADA}.Debug|Any CPU.ActiveCfg = Debug|Any CPU
		{A838AE8A-6134-4914-835C-A46B76178ADA}.Debug|Any CPU.Build.0 = Debug|Any CPU
		{A838AE8A-6134-4914-835C-A46B76178ADA}.Release|Any CPU.ActiveCfg = Release|Any CPU
		{A838AE8A-6134-4914-835C-A46B76178ADA}.Release|Any CPU.Build.0 = Release|Any CPU
		{6C042484-2076-466D-93C6-98EF4D614CBD}.Debug|Any CPU.ActiveCfg = Debug|Any CPU
		{6C042484-2076-466D-93C6-98EF4D614CBD}.Debug|Any CPU.Build.0 = Debug|Any CPU
		{6C042484-2076-466D-93C6-98EF4D614CBD}.Release|Any CPU.ActiveCfg = Release|Any CPU
		{6C042484-2076-466D-93C6-98EF4D614CBD}.Release|Any CPU.Build.0 = Release|Any CPU
		{BBC541A5-E32F-4797-9B07-77CC00201561}.Debug|Any CPU.ActiveCfg = Debug|Any CPU
		{BBC541A5-E32F-4797-9B07-77CC00201561}.Debug|Any CPU.Build.0 = Debug|Any CPU
		{BBC541A5-E32F-4797-9B07-77CC00201561}.Release|Any CPU.ActiveCfg = Release|Any CPU
		{BBC541A5-E32F-4797-9B07-77CC00201561}.Release|Any CPU.Build.0 = Release|Any CPU
		{AC6BA3AB-2CCD-454C-ACCE-2CDE93C044F2}.Debug|Any CPU.ActiveCfg = Debug|Any CPU
		{AC6BA3AB-2CCD-454C-ACCE-2CDE93C044F2}.Debug|Any CPU.Build.0 = Debug|Any CPU
		{AC6BA3AB-2CCD-454C-ACCE-2CDE93C044F2}.Release|Any CPU.ActiveCfg = Release|Any CPU
		{AC6BA3AB-2CCD-454C-ACCE-2CDE93C044F2}.Release|Any CPU.Build.0 = Release|Any CPU
		{5CE71192-2538-4FE5-8DA9-FD6F2F9B5083}.Debug|Any CPU.ActiveCfg = Debug|Any CPU
		{5CE71192-2538-4FE5-8DA9-FD6F2F9B5083}.Debug|Any CPU.Build.0 = Debug|Any CPU
		{5CE71192-2538-4FE5-8DA9-FD6F2F9B5083}.Release|Any CPU.ActiveCfg = Release|Any CPU
		{5CE71192-2538-4FE5-8DA9-FD6F2F9B5083}.Release|Any CPU.Build.0 = Release|Any CPU
		{ACB589DD-BD85-4312-8C1B-1BC77900A2C4}.Debug|Any CPU.ActiveCfg = Debug|Any CPU
		{ACB589DD-BD85-4312-8C1B-1BC77900A2C4}.Debug|Any CPU.Build.0 = Debug|Any CPU
		{ACB589DD-BD85-4312-8C1B-1BC77900A2C4}.Release|Any CPU.ActiveCfg = Release|Any CPU
		{ACB589DD-BD85-4312-8C1B-1BC77900A2C4}.Release|Any CPU.Build.0 = Release|Any CPU
	EndGlobalSection
	GlobalSection(SolutionProperties) = preSolution
		HideSolutionNode = FALSE
	EndGlobalSection
	GlobalSection(NestedProjects) = preSolution
		{7A745744-B60D-43E2-9EC6-4365A5352078} = {D9333884-379C-4FB7-AB41-7F00DC49E856}
		{CCC7B951-9B52-48B1-B2D4-5354C266908D} = {D9333884-379C-4FB7-AB41-7F00DC49E856}
		{CCEE59A1-8279-4841-8B78-C8F8D709F2B0} = {5ED41748-49E4-463E-BBAD-BB0CC5139A26}
		{B0BC3F6B-EBF6-4B79-964E-66C7D0581915} = {5ED41748-49E4-463E-BBAD-BB0CC5139A26}
		{40BFA045-2B70-46F3-852A-047EDDE08FEC} = {602DAD58-1A0B-4FF6-80D8-8095CA8A4EE8}
		{87540210-EB07-4B16-B27F-F8A570B5C2E0} = {602DAD58-1A0B-4FF6-80D8-8095CA8A4EE8}
		{788E2143-2A9F-4B77-B505-DA690C8312F5} = {D2DD706A-C6A1-4E1C-9329-62D02BF10768}
		{C51730B0-B5F6-4865-B3B1-D000FDD3AD64} = {D2DD706A-C6A1-4E1C-9329-62D02BF10768}
		{A838AE8A-6134-4914-835C-A46B76178ADA} = {79CC8139-6439-460E-BF78-995DE6FBDAF6}
		{6C042484-2076-466D-93C6-98EF4D614CBD} = {79CC8139-6439-460E-BF78-995DE6FBDAF6}
		{BBC541A5-E32F-4797-9B07-77CC00201561} = {62206E12-D295-407B-BAFE-2871F2FEC1A2}
		{AC6BA3AB-2CCD-454C-ACCE-2CDE93C044F2} = {62206E12-D295-407B-BAFE-2871F2FEC1A2}
		{5CE71192-2538-4FE5-8DA9-FD6F2F9B5083} = {703763A2-DED7-44E6-BCF2-FC3E2A26AF5F}
		{ACB589DD-BD85-4312-8C1B-1BC77900A2C4} = {703763A2-DED7-44E6-BCF2-FC3E2A26AF5F}
	EndGlobalSection
	GlobalSection(ExtensibilityGlobals) = postSolution
		SolutionGuid = {1163BCB5-9893-4114-905C-6BD20A875147}
	EndGlobalSection
EndGlobal
